
Microsoft Visual Studio Solution File, Format Version 12.00
# Visual Studio Version 16
VisualStudioVersion = 16.0.32228.343
MinimumVisualStudioVersion = 10.0.40219.1
Project("{9A19103F-16F7-4668-BE54-9A1E7A4F7556}") = "userGRPC", "userGRPC.csproj", "{99189FDC-D480-4135-940D-2863381EAF79}"
EndProject
Project("{FAE04EC0-301F-11D3-BF4B-00C04F79EFBC}") = "Client", "..\Client\Client.csproj", "{B95AB667-489E-4F5E-A8D0-2E4F01085634}"
EndProject
Global
	GlobalSection(SolutionConfigurationPlatforms) = preSolution
		Debug|Any CPU = Debug|Any CPU
		Release|Any CPU = Release|Any CPU
	EndGlobalSection
	GlobalSection(ProjectConfigurationPlatforms) = postSolution
		{99189FDC-D480-4135-940D-2863381EAF79}.Debug|Any CPU.ActiveCfg = Debug|Any CPU
		{99189FDC-D480-4135-940D-2863381EAF79}.Debug|Any CPU.Build.0 = Debug|Any CPU
		{99189FDC-D480-4135-940D-2863381EAF79}.Release|Any CPU.ActiveCfg = Release|Any CPU
		{99189FDC-D480-4135-940D-2863381EAF79}.Release|Any CPU.Build.0 = Release|Any CPU
		{B95AB667-489E-4F5E-A8D0-2E4F01085634}.Debug|Any CPU.ActiveCfg = Debug|Any CPU
		{B95AB667-489E-4F5E-A8D0-2E4F01085634}.Debug|Any CPU.Build.0 = Debug|Any CPU
		{B95AB667-489E-4F5E-A8D0-2E4F01085634}.Release|Any CPU.ActiveCfg = Release|Any CPU
		{B95AB667-489E-4F5E-A8D0-2E4F01085634}.Release|Any CPU.Build.0 = Release|Any CPU
	EndGlobalSection
	GlobalSection(SolutionProperties) = preSolution
		HideSolutionNode = FALSE
	EndGlobalSection
	GlobalSection(ExtensibilityGlobals) = postSolution
		SolutionGuid = {4A7AF54D-3FFF-4939-85C2-8EC5ACD353F7}
	EndGlobalSection
EndGlobal
